// !$*UTF8*$!
{
	archiveVersion = 1;
	classes = {
	};
	objectVersion = 46;
	objects = {

/* Begin PBXBuildFile section */
		05C5562D1F1F396D007BF097 /* AppDelegate.swift in Sources */ = {isa = PBXBuildFile; fileRef = 05C5562C1F1F396D007BF097 /* AppDelegate.swift */; };
		05C5562F1F1F396D007BF097 /* ViewController.swift in Sources */ = {isa = PBXBuildFile; fileRef = 05C5562E1F1F396D007BF097 /* ViewController.swift */; };
		05C556321F1F396D007BF097 /* Main.storyboard in Resources */ = {isa = PBXBuildFile; fileRef = 05C556301F1F396D007BF097 /* Main.storyboard */; };
		05C556341F1F396D007BF097 /* Assets.xcassets in Resources */ = {isa = PBXBuildFile; fileRef = 05C556331F1F396D007BF097 /* Assets.xcassets */; };
		05C556371F1F396D007BF097 /* LaunchScreen.storyboard in Resources */ = {isa = PBXBuildFile; fileRef = 05C556351F1F396D007BF097 /* LaunchScreen.storyboard */; };
/* End PBXBuildFile section */

/* Begin PBXFileReference section */
		05C556291F1F396D007BF097 /* EasyBrowser.app */ = {isa = PBXFileReference; explicitFileType = wrapper.application; includeInIndex = 0; path = EasyBrowser.app; sourceTree = BUILT_PRODUCTS_DIR; };
		05C5562C1F1F396D007BF097 /* AppDelegate.swift */ = {isa = PBXFileReference; lastKnownFileType = sourcecode.swift; path = AppDelegate.swift; sourceTree = "<group>"; };
		05C5562E1F1F396D007BF097 /* ViewController.swift */ = {isa = PBXFileReference; lastKnownFileType = sourcecode.swift; path = ViewController.swift; sourceTree = "<group>"; };
		05C556311F1F396D007BF097 /* Base */ = {isa = PBXFileReference; lastKnownFileType = file.storyboard; name = Base; path = Base.lproj/Main.storyboard; sourceTree = "<group>"; };
		05C556331F1F396D007BF097 /* Assets.xcassets */ = {isa = PBXFileReference; lastKnownFileType = folder.assetcatalog; path = Assets.xcassets; sourceTree = "<group>"; };
		05C556361F1F396D007BF097 /* Base */ = {isa = PBXFileReference; lastKnownFileType = file.storyboard; name = Base; path = Base.lproj/LaunchScreen.storyboard; sourceTree = "<group>"; };
		05C556381F1F396D007BF097 /* Info.plist */ = {isa = PBXFileReference; lastKnownFileType = text.plist.xml; path = Info.plist; sourceTree = "<group>"; };
/* End PBXFileReference section */

/* Begin PBXFrameworksBuildPhase section */
		05C556261F1F396D007BF097 /* Frameworks */ = {
			isa = PBXFrameworksBuildPhase;
			buildActionMask = 2147483647;
			files = (
			);
			runOnlyForDeploymentPostprocessing = 0;
		};
/* End PBXFrameworksBuildPhase section */

/* Begin PBXGroup section */
		05C556201F1F396D007BF097 = {
			isa = PBXGroup;
			children = (
				05C5562B1F1F396D007BF097 /* EasyBrowser */,
				05C5562A1F1F396D007BF097 /* Products */,
			);
			sourceTree = "<group>";
		};
		05C5562A1F1F396D007BF097 /* Products */ = {
			isa = PBXGroup;
			children = (
				05C556291F1F396D007BF097 /* EasyBrowser.app */,
			);
			name = Products;
			sourceTree = "<group>";
		};
		05C5562B1F1F396D007BF097 /* EasyBrowser */ = {
			isa = PBXGroup;
			children = (
				05C5562C1F1F396D007BF097 /* AppDelegate.swift */,
				05C5562E1F1F396D007BF097 /* ViewController.swift */,
				05C556301F1F396D007BF097 /* Main.storyboard */,
				05C556331F1F396D007BF097 /* Assets.xcassets */,
				05C556351F1F396D007BF097 /* LaunchScreen.storyboard */,
				05C556381F1F396D007BF097 /* Info.plist */,
			);
			path = EasyBrowser;
			sourceTree = "<group>";
		};
/* End PBXGroup section */

/* Begin PBXNativeTarget section */
		05C556281F1F396D007BF097 /* EasyBrowser */ = {
			isa = PBXNativeTarget;
			buildConfigurationList = 05C5563B1F1F396D007BF097 /* Build configuration list for PBXNativeTarget "EasyBrowser" */;
			buildPhases = (
				05C556251F1F396D007BF097 /* Sources */,
				05C556261F1F396D007BF097 /* Frameworks */,
				05C556271F1F396D007BF097 /* Resources */,
			);
			buildRules = (
			);
			dependencies = (
			);
			name = EasyBrowser;
			productName = EasyBrowser;
			productReference = 05C556291F1F396D007BF097 /* EasyBrowser.app */;
			productType = "com.apple.product-type.application";
		};
/* End PBXNativeTarget section */

/* Begin PBXProject section */
		05C556211F1F396D007BF097 /* Project object */ = {
			isa = PBXProject;
			attributes = {
				LastSwiftUpdateCheck = 0830;
				LastUpgradeCheck = 0830;
				ORGANIZATIONNAME = "Rajiv Deshmukh";
				TargetAttributes = {
					05C556281F1F396D007BF097 = {
						CreatedOnToolsVersion = 8.3.3;
						DevelopmentTeam = 7ENL74E7BB;
						ProvisioningStyle = Automatic;
					};
				};
			};
			buildConfigurationList = 05C556241F1F396D007BF097 /* Build configuration list for PBXProject "EasyBrowser" */;
			compatibilityVersion = "Xcode 3.2";
			developmentRegion = English;
			hasScannedForEncodings = 0;
			knownRegions = (
				en,
				Base,
			);
			mainGroup = 05C556201F1F396D007BF097;
			productRefGroup = 05C5562A1F1F396D007BF097 /* Products */;
			projectDirPath = "";
			projectRoot = "";
			targets = (
				05C556281F1F396D007BF097 /* EasyBrowser */,
			);
		};
/* End PBXProject section */

/* Begin PBXResourcesBuildPhase section */
		05C556271F1F396D007BF097 /* Resources */ = {
			isa = PBXResourcesBuildPhase;
			buildActionMask = 2147483647;
			files = (
				05C556371F1F396D007BF097 /* LaunchScreen.storyboard in Resources */,
				05C556341F1F396D007BF097 /* Assets.xcassets in Resources */,
				05C556321F1F396D007BF097 /* Main.storyboard in Resources */,
			);
			runOnlyForDeploymentPostprocessing = 0;
		};
/* End PBXResourcesBuildPhase section */

/* Begin PBXSourcesBuildPhase section */
		05C556251F1F396D007BF097 /* Sources */ = {
			isa = PBXSourcesBuildPhase;
			buildActionMask = 2147483647;
			files = (
				05C5562F1F1F396D007BF097 /* ViewController.swift in Sources */,
				05C5562D1F1F396D007BF097 /* AppDelegate.swift in Sources */,
			);
			runOnlyForDeploymentPostprocessing = 0;
		};
/* End PBXSourcesBuildPhase section */

/* Begin PBXVariantGroup section */
		05C556301F1F396D007BF097 /* Main.storyboard */ = {
			isa = PBXVariantGroup;
			children = (
				05C556311F1F396D007BF097 /* Base */,
			);
			name = Main.storyboard;
			sourceTree = "<group>";
		};
		05C556351F1F396D007BF097 /* LaunchScreen.storyboard */ = {
			isa = PBXVariantGroup;
			children = (
				05C556361F1F396D007BF097 /* Base */,
			);
			name = LaunchScreen.storyboard;
			sourceTree = "<group>";
		};
/* End PBXVariantGroup section */

/* Begin XCBuildConfiguration section */
		05C556391F1F396D007BF097 /* Debug */ = {
			isa = XCBuildConfiguration;
			buildSettings = {
				ALWAYS_SEARCH_USER_PATHS = NO;
				CLANG_ANALYZER_NONNULL = YES;
				CLANG_ANALYZER_NUMBER_OBJECT_CONVERSION = YES_AGGRESSIVE;
				CLANG_CXX_LANGUAGE_STANDARD = "gnu++0x";
				CLANG_CXX_LIBRARY = "libc++";
				CLANG_ENABLE_MODULES = YES;
				CLANG_ENABLE_OBJC_ARC = YES;
				CLANG_WARN_BOOL_CONVERSION = YES;
				CLANG_WARN_CONSTANT_CONVERSION = YES;
				CLANG_WARN_DIRECT_OBJC_ISA_USAGE = YES_ERROR;
				CLANG_WARN_DOCUMENTATION_COMMENTS = YES;
				CLANG_WARN_EMPTY_BODY = YES;
				CLANG_WARN_ENUM_CONVERSION = YES;
				CLANG_WARN_INFINITE_RECURSION = YES;
				CLANG_WARN_INT_CONVERSION = YES;
				CLANG_WARN_OBJC_ROOT_CLASS = YES_ERROR;
				CLANG_WARN_SUSPICIOUS_MOVE = YES;
				CLANG_WARN_UNREACHABLE_CODE = YES;
				CLANG_WARN__DUPLICATE_METHOD_MATCH = YES;
				"CODE_SIGN_IDENTITY[sdk=iphoneos*]" = "iPhone Developer";
				COPY_PHASE_STRIP = NO;
				DEBUG_INFORMATION_FORMAT = dwarf;
				ENABLE_STRICT_OBJC_MSGSEND = YES;
				ENABLE_TESTABILITY = YES;
				GCC_C_LANGUAGE_STANDARD = gnu99;
				GCC_DYNAMIC_NO_PIC = NO;
				GCC_NO_COMMON_BLOCKS = YES;
				GCC_OPTIMIZATION_LEVEL = 0;
				GCC_PREPROCESSOR_DEFINITIONS = (
					"DEBUG=1",
					"$(inherited)",
				);
				GCC_WARN_64_TO_32_BIT_CONVERSION = YES;
				GCC_WARN_ABOUT_RETURN_TYPE = YES_ERROR;
				GCC_WARN_UNDECLARED_SELECTOR = YES;
				GCC_WARN_UNINITIALIZED_AUTOS = YES_AGGRESSIVE;
				GCC_WARN_UNUSED_FUNCTION = YES;
				GCC_WARN_UNUSED_VARIABLE = YES;
				IPHONEOS_DEPLOYMENT_TARGET = 10.3;
				MTL_ENABLE_DEBUG_INFO = YES;
				ONLY_ACTIVE_ARCH = YES;
				SDKROOT = iphoneos;
				SWIFT_ACTIVE_COMPILATION_CONDITIONS = DEBUG;
				SWIFT_OPTIMIZATION_LEVEL = "-Onone";
			};
			name = Debug;
		};
		05C5563A1F1F396D007BF097 /* Release */ = {
			isa = XCBuildConfiguration;
			buildSettings = {
				ALWAYS_SEARCH_USER_PATHS = NO;
				CLANG_ANALYZER_NONNULL = YES;
				CLANG_ANALYZER_NUMBER_OBJECT_CONVERSION = YES_AGGRESSIVE;
				CLANG_CXX_LANGUAGE_STANDARD = "gnu++0x";
				CLANG_CXX_LIBRARY = "libc++";
				CLANG_ENABLE_MODULES = YES;
				CLANG_ENABLE_OBJC_ARC = YES;
				CLANG_WARN_BOOL_CONVERSION = YES;
				CLANG_WARN_CONSTANT_CONVERSION = YES;
				CLANG_WARN_DIRECT_OBJC_ISA_USAGE = YES_ERROR;
				CLANG_WARN_DOCUMENTATION_COMMENTS = YES;
				CLANG_WARN_EMPTY_BODY = YES;
				CLANG_WARN_ENUM_CONVERSION = YES;
				CLANG_WARN_INFINITE_RECURSION = YES;
				CLANG_WARN_INT_CONVERSION = YES;
				CLANG_WARN_OBJC_ROOT_CLASS = YES_ERROR;
				CLANG_WARN_SUSPICIOUS_MOVE = YES;
				CLANG_WARN_UNREACHABLE_CODE = YES;
				CLANG_WARN__DUPLICATE_METHOD_MATCH = YES;
				"CODE_SIGN_IDENTITY[sdk=iphoneos*]" = "iPhone Developer";
				COPY_PHASE_STRIP = NO;
				DEBUG_INFORMATION_FORMAT = "dwarf-with-dsym";
				ENABLE_NS_ASSERTIONS = NO;
				ENABLE_STRICT_OBJC_MSGSEND = YES;
				GCC_C_LANGUAGE_STANDARD = gnu99;
				GCC_NO_COMMON_BLOCKS = YES;
				GCC_WARN_64_TO_32_BIT_CONVERSION = YES;
				GCC_WARN_ABOUT_RETURN_TYPE = YES_ERROR;
				GCC_WARN_UNDECLARED_SELECTOR = YES;
				GCC_WARN_UNINITIALIZED_AUTOS = YES_AGGRESSIVE;
				GCC_WARN_UNUSED_FUNCTION = YES;
				GCC_WARN_UNUSED_VARIABLE = YES;
				IPHONEOS_DEPLOYMENT_TARGET = 10.3;
				MTL_ENABLE_DEBUG_INFO = NO;
				SDKROOT = iphoneos;
				SWIFT_OPTIMIZATION_LEVEL = "-Owholemodule";
				VALIDATE_PRODUCT = YES;
			};
			name = Release;
		};
		05C5563C1F1F396D007BF097 /* Debug */ = {
			isa = XCBuildConfiguration;
			buildSettings = {
				ASSETCATALOG_COMPILER_APPICON_NAME = AppIcon;
				DEVELOPMENT_TEAM = 7ENL74E7BB;
				INFOPLIST_FILE = EasyBrowser/Info.plist;
				LD_RUNPATH_SEARCH_PATHS = "$(inherited) @executable_path/Frameworks";
				PRODUCT_BUNDLE_IDENTIFIER = com.vervibe.EasyBrowser;
				PRODUCT_NAME = "$(TARGET_NAME)";
				SWIFT_VERSION = 3.0;
			};
			name = Debug;
		};
		05C5563D1F1F396D007BF097 /* Release */ = {
			isa = XCBuildConfiguration;
			buildSettings = {
				ASSETCATALOG_COMPILER_APPICON_NAME = AppIcon;
				DEVELOPMENT_TEAM = 7ENL74E7BB;
				INFOPLIST_FILE = EasyBrowser/Info.plist;
				LD_RUNPATH_SEARCH_PATHS = "$(inherited) @executable_path/Frameworks";
				PRODUCT_BUNDLE_IDENTIFIER = com.vervibe.EasyBrowser;
				PRODUCT_NAME = "$(TARGET_NAME)";
				SWIFT_VERSION = 3.0;
			};
			name = Release;
		};
/* End XCBuildConfiguration section */

/* Begin XCConfigurationList section */
		05C556241F1F396D007BF097 /* Build configuration list for PBXProject "EasyBrowser" */ = {
			isa = XCConfigurationList;
			buildConfigurations = (
				05C556391F1F396D007BF097 /* Debug */,
				05C5563A1F1F396D007BF097 /* Release */,
			);
			defaultConfigurationIsVisible = 0;
			defaultConfigurationName = Release;
		};
		05C5563B1F1F396D007BF097 /* Build configuration list for PBXNativeTarget "EasyBrowser" */ = {
			isa = XCConfigurationList;
			buildConfigurations = (
				05C5563C1F1F396D007BF097 /* Debug */,
				05C5563D1F1F396D007BF097 /* Release */,
			);
			defaultConfigurationIsVisible = 0;
		};
/* End XCConfigurationList section */
	};
	rootObject = 05C556211F1F396D007BF097 /* Project object */;
}
